<?xml version="1.0" encoding="utf-8"?>
<Project ToolsVersion="4.0" xmlns="http://schemas.microsoft.com/developer/msbuild/2003">
  <ItemGroup>
    <Filter Include="Source Files">
      <UniqueIdentifier>{1b68b852-0cad-43f0-83e7-d48b7489b6c6}</UniqueIdentifier>
      <Extensions>cpp;c;cxx;rc;def;r;odl;idl;hpj;bat;for;f90</Extensions>
    </Filter>
    <Filter Include="Header Files">
      <UniqueIdentifier>{f1775e19-0b57-4be8-82ba-a92feb9082b6}</UniqueIdentifier>
      <Extensions>h;hpp;hxx;hm;inl;fi;fd</Extensions>
    </Filter>
    <Filter Include="Resource Files">
      <UniqueIdentifier>{b778e01b-b641-4a4d-80b5-c1bdb90f6827}</UniqueIdentifier>
      <Extensions>ico;cur;bmp;dlg;rc2;rct;bin;cnt;rtf;gif;jpg;jpeg;jpe</Extensions>
    </Filter>
  </ItemGroup>
  <ItemGroup>
    <ClCompile Include="AtribImage.cpp">
      <Filter>Source Files</Filter>
    </ClCompile>
    <ClCompile Include="base64.cpp">
      <Filter>Source Files</Filter>
    </ClCompile>
    <ClCompile Include="BSch.cpp">
      <Filter>Source Files</Filter>
    </ClCompile>
    <ClCompile Include="BSchDoc.cpp">
      <Filter>Source Files</Filter>
    </ClCompile>
    <ClCompile Include="BSchFont.cpp">
      <Filter>Source Files</Filter>
    </ClCompile>
    <ClCompile Include="BSchView.cpp">
      <Filter>Source Files</Filter>
    </ClCompile>
    <ClCompile Include="BScView2.cpp">
      <Filter>Source Files</Filter>
    </ClCompile>
    <ClCompile Include="BulkHidingNumVal.cpp">
      <Filter>Source Files</Filter>
    </ClCompile>
    <ClCompile Include="ce3io.cpp">
      <Filter>Source Files</Filter>
    </ClCompile>
    <ClCompile Include="CmntAtrb.cpp">
      <Filter>Source Files</Filter>
    </ClCompile>
    <ClCompile Include="complib.cpp">
      <Filter>Source Files</Filter>
    </ClCompile>
    <ClCompile Include="coord.cpp">
      <Filter>Source Files</Filter>
    </ClCompile>
    <ClCompile Include="coord2.cpp">
      <Filter>Source Files</Filter>
    </ClCompile>
    <ClCompile Include="DlgObjFilter.cpp">
      <Filter>Source Files</Filter>
    </ClCompile>
    <ClCompile Include="drawobj.cpp">
      <Filter>Source Files</Filter>
    </ClCompile>
    <ClCompile Include="EditML.cpp">
      <Filter>Source Files</Filter>
    </ClCompile>
    <ClCompile Include="extensionmenu.cpp">
      <Filter>Source Files</Filter>
    </ClCompile>
    <ClCompile Include="Find2.cpp">
      <Filter>Source Files</Filter>
    </ClCompile>
    <ClCompile Include="FindDlg.cpp">
      <Filter>Source Files</Filter>
    </ClCompile>
    <ClCompile Include="FindOption.cpp">
      <Filter>Source Files</Filter>
    </ClCompile>
    <ClCompile Include="Global.cpp">
      <Filter>Source Files</Filter>
    </ClCompile>
    <ClCompile Include="ImageButton.cpp">
      <Filter>Source Files</Filter>
    </ClCompile>
    <ClCompile Include="imagedata.cpp">
      <Filter>Source Files</Filter>
    </ClCompile>
    <ClCompile Include="LblAtrb.cpp">
      <Filter>Source Files</Filter>
    </ClCompile>
    <ClCompile Include="MainFrm.cpp">
      <Filter>Source Files</Filter>
    </ClCompile>
    <ClCompile Include="MarkerLineAtrb.cpp">
      <Filter>Source Files</Filter>
    </ClCompile>
    <ClCompile Include="PartAtrb.cpp">
      <Filter>Source Files</Filter>
    </ClCompile>
    <ClCompile Include="Pattern.cpp">
      <Filter>Source Files</Filter>
    </ClCompile>
    <ClCompile Include="Place.cpp">
      <Filter>Source Files</Filter>
    </ClCompile>
    <ClCompile Include="Preview.cpp">
      <Filter>Source Files</Filter>
    </ClCompile>
    <ClCompile Include="Print.cpp">
      <Filter>Source Files</Filter>
    </ClCompile>
    <ClCompile Include="PrintOpt.cpp">
      <Filter>Source Files</Filter>
    </ClCompile>
    <ClCompile Include="QuickProp.cpp">
      <Filter>Source Files</Filter>
    </ClCompile>
    <ClCompile Include="SBezier.cpp">
      <Filter>Source Files</Filter>
    </ClCompile>
    <ClCompile Include="SelPart.cpp">
      <Filter>Source Files</Filter>
    </ClCompile>
    <ClCompile Include="SetColor.cpp">
      <Filter>Source Files</Filter>
    </ClCompile>
    <ClCompile Include="SetColor2.cpp">
      <Filter>Source Files</Filter>
    </ClCompile>
    <ClCompile Include="SetDecorationLine.cpp">
      <Filter>Source Files</Filter>
    </ClCompile>
    <ClCompile Include="SetFont.cpp">
      <Filter>Source Files</Filter>
    </ClCompile>
    <ClCompile Include="Setfsize.cpp">
      <Filter>Source Files</Filter>
    </ClCompile>
    <ClCompile Include="SetLayer.cpp">
      <Filter>Source Files</Filter>
    </ClCompile>
    <ClCompile Include="SetLib.cpp">
      <Filter>Source Files</Filter>
    </ClCompile>
    <ClCompile Include="SetQuickProp.cpp">
      <Filter>Source Files</Filter>
    </ClCompile>
    <ClCompile Include="SetTagFrame.cpp">
      <Filter>Source Files</Filter>
    </ClCompile>
    <ClCompile Include="SMarkupTextLine.cpp">
      <Filter>Source Files</Filter>
    </ClCompile>
    <ClCompile Include="SPtnObj.cpp">
      <Filter>Source Files</Filter>
    </ClCompile>
    <ClCompile Include="SPtnObjArc.cpp">
      <Filter>Source Files</Filter>
    </ClCompile>
    <ClCompile Include="SPtnObjCircle.cpp">
      <Filter>Source Files</Filter>
    </ClCompile>
    <ClCompile Include="SPtnObjLine.cpp">
      <Filter>Source Files</Filter>
    </ClCompile>
    <ClCompile Include="SPtnObjPolygon.cpp">
      <Filter>Source Files</Filter>
    </ClCompile>
    <ClCompile Include="SPtnObjText.cpp">
      <Filter>Source Files</Filter>
    </ClCompile>
    <ClCompile Include="StdAfx.cpp">
      <Filter>Source Files</Filter>
    </ClCompile>
    <ClCompile Include="TagAtrb.cpp">
      <Filter>Source Files</Filter>
    </ClCompile>
    <ClCompile Include="xbschcomment.cpp">
      <Filter>Source Files</Filter>
    </ClCompile>
    <ClCompile Include="xbschcomponent.cpp">
      <Filter>Source Files</Filter>
    </ClCompile>
    <ClCompile Include="xbschdashline.cpp">
      <Filter>Source Files</Filter>
    </ClCompile>
    <ClCompile Include="xbschdoc.cpp">
      <Filter>Source Files</Filter>
    </ClCompile>
    <ClCompile Include="xbschdocsch.cpp">
      <Filter>Source Files</Filter>
    </ClCompile>
    <ClCompile Include="xbschentry.cpp">
      <Filter>Source Files</Filter>
    </ClCompile>
    <ClCompile Include="xbschglobal.cpp">
      <Filter>Source Files</Filter>
    </ClCompile>
    <ClCompile Include="xbschimageobj.cpp">
      <Filter>Source Files</Filter>
    </ClCompile>
    <ClCompile Include="xbschjunc.cpp">
      <Filter>Source Files</Filter>
    </ClCompile>
    <ClCompile Include="xbschlabel.cpp">
      <Filter>Source Files</Filter>
    </ClCompile>
    <ClCompile Include="xbschline.cpp">
      <Filter>Source Files</Filter>
    </ClCompile>
    <ClCompile Include="xbschobj.cpp">
      <Filter>Source Files</Filter>
    </ClCompile>
    <ClCompile Include="xbschsheetinfo.cpp">
      <Filter>Source Files</Filter>
    </ClCompile>
    <ClCompile Include="xbschtag.cpp">
      <Filter>Source Files</Filter>
    </ClCompile>
    <ClCompile Include="DispBlockNum.cpp">
      <Filter>Source Files</Filter>
    </ClCompile>
  </ItemGroup>
  <ItemGroup>
    <ResourceCompile Include="BSch.rc">
      <Filter>Source Files</Filter>
    </ResourceCompile>
  </ItemGroup>
  <ItemGroup>
    <ClInclude Include="AtribImage.h">
      <Filter>Header Files</Filter>
    </ClInclude>
    <ClInclude Include="base64.h">
      <Filter>Header Files</Filter>
    </ClInclude>
    <ClInclude Include="BSch.h">
      <Filter>Header Files</Filter>
    </ClInclude>
    <ClInclude Include="BSchDoc.h">
      <Filter>Header Files</Filter>
    </ClInclude>
    <ClInclude Include="BSchDrawColor.h">
      <Filter>Header Files</Filter>
    </ClInclude>
    <ClInclude Include="BSchFont.h">
      <Filter>Header Files</Filter>
    </ClInclude>
    <ClInclude Include="BSchView.h">
      <Filter>Header Files</Filter>
    </ClInclude>
    <ClInclude Include="BulkHidingNumVal.h">
      <Filter>Header Files</Filter>
    </ClInclude>
    <ClInclude Include="ce3io.h">
      <Filter>Header Files</Filter>
    </ClInclude>
    <ClInclude Include="CmntAtrb.h">
      <Filter>Header Files</Filter>
    </ClInclude>
    <ClInclude Include="complib.h">
      <Filter>Header Files</Filter>
    </ClInclude>
    <ClInclude Include="coord.h">
      <Filter>Header Files</Filter>
    </ClInclude>
    <ClInclude Include="coord2.h">
      <Filter>Header Files</Filter>
    </ClInclude>
    <ClInclude Include="DlgObjFilter.h">
      <Filter>Header Files</Filter>
    </ClInclude>
    <ClInclude Include="drawobj.h">
      <Filter>Header Files</Filter>
    </ClInclude>
    <ClInclude Include="EditML.h">
      <Filter>Header Files</Filter>
    </ClInclude>
    <ClInclude Include="extensionmenu.h">
      <Filter>Header Files</Filter>
    </ClInclude>
    <ClInclude Include="Find2.h">
      <Filter>Header Files</Filter>
    </ClInclude>
    <ClInclude Include="FindDlg.h">
      <Filter>Header Files</Filter>
    </ClInclude>
    <ClInclude Include="FindOption.h">
      <Filter>Header Files</Filter>
    </ClInclude>
    <ClInclude Include="Global.h">
      <Filter>Header Files</Filter>
    </ClInclude>
    <ClInclude Include="ImageButton.h">
      <Filter>Header Files</Filter>
    </ClInclude>
    <ClInclude Include="imagedata.h">
      <Filter>Header Files</Filter>
    </ClInclude>
    <ClInclude Include="LblAtrb.h">
      <Filter>Header Files</Filter>
    </ClInclude>
    <ClInclude Include="MainFrm.h">
      <Filter>Header Files</Filter>
    </ClInclude>
    <ClInclude Include="MarkerLineAtrb.h">
      <Filter>Header Files</Filter>
    </ClInclude>
    <ClInclude Include="ObjFilter.h">
      <Filter>Header Files</Filter>
    </ClInclude>
    <ClInclude Include="PartAtrb.h">
      <Filter>Header Files</Filter>
    </ClInclude>
    <ClInclude Include="Pattern.h">
      <Filter>Header Files</Filter>
    </ClInclude>
    <ClInclude Include="Preview.h">
      <Filter>Header Files</Filter>
    </ClInclude>
    <ClInclude Include="PrintOpt.h">
      <Filter>Header Files</Filter>
    </ClInclude>
    <ClInclude Include="QuickProp.h">
      <Filter>Header Files</Filter>
    </ClInclude>
    <ClInclude Include="resource.h">
      <Filter>Header Files</Filter>
    </ClInclude>
    <ClInclude Include="SBezier.h">
      <Filter>Header Files</Filter>
    </ClInclude>
    <ClInclude Include="SelectOption.h">
      <Filter>Header Files</Filter>
    </ClInclude>
    <ClInclude Include="SelPart.h">
      <Filter>Header Files</Filter>
    </ClInclude>
    <ClInclude Include="SetColor.h">
      <Filter>Header Files</Filter>
    </ClInclude>
    <ClInclude Include="SetColor2.h">
      <Filter>Header Files</Filter>
    </ClInclude>
    <ClInclude Include="SetDecorationLine.h">
      <Filter>Header Files</Filter>
    </ClInclude>
    <ClInclude Include="SetFont.h">
      <Filter>Header Files</Filter>
    </ClInclude>
    <ClInclude Include="Setfsize.h">
      <Filter>Header Files</Filter>
    </ClInclude>
    <ClInclude Include="SetLayer.h">
      <Filter>Header Files</Filter>
    </ClInclude>
    <ClInclude Include="SetLib.h">
      <Filter>Header Files</Filter>
    </ClInclude>
    <ClInclude Include="SetQuickProp.h">
      <Filter>Header Files</Filter>
    </ClInclude>
    <ClInclude Include="SetTagFrame.h">
      <Filter>Header Files</Filter>
    </ClInclude>
    <ClInclude Include="SheetSizeInfo.h">
      <Filter>Header Files</Filter>
    </ClInclude>
    <ClInclude Include="SMarkupTextLine.h">
      <Filter>Header Files</Filter>
    </ClInclude>
    <ClInclude Include="SPtnObj.h">
      <Filter>Header Files</Filter>
    </ClInclude>
    <ClInclude Include="SPtnObjArc.h">
      <Filter>Header Files</Filter>
    </ClInclude>
    <ClInclude Include="SPtnObjCircle.h">
      <Filter>Header Files</Filter>
    </ClInclude>
    <ClInclude Include="SPtnObjLine.h">
      <Filter>Header Files</Filter>
    </ClInclude>
    <ClInclude Include="SPtnObjPolygon.h">
      <Filter>Header Files</Filter>
    </ClInclude>
    <ClInclude Include="SPtnObjText.h">
      <Filter>Header Files</Filter>
    </ClInclude>
    <ClInclude Include="StdAfx.h">
      <Filter>Header Files</Filter>
    </ClInclude>
    <ClInclude Include="TagAtrb.h">
      <Filter>Header Files</Filter>
    </ClInclude>
    <ClInclude Include="xbsch.h">
      <Filter>Header Files</Filter>
    </ClInclude>
    <ClInclude Include="xbschcomment.h">
      <Filter>Header Files</Filter>
    </ClInclude>
    <ClInclude Include="xbschcomponent.h">
      <Filter>Header Files</Filter>
    </ClInclude>
    <ClInclude Include="xbschdashline.h">
      <Filter>Header Files</Filter>
    </ClInclude>
    <ClInclude Include="xbschdelobj.h">
      <Filter>Header Files</Filter>
    </ClInclude>
    <ClInclude Include="xbschdoc.h">
      <Filter>Header Files</Filter>
    </ClInclude>
    <ClInclude Include="xbschdocsch.h">
      <Filter>Header Files</Filter>
    </ClInclude>
    <ClInclude Include="xbschentry.h">
      <Filter>Header Files</Filter>
    </ClInclude>
    <ClInclude Include="xbschglobal.h">
      <Filter>Header Files</Filter>
    </ClInclude>
    <ClInclude Include="xbschimageobj.h">
      <Filter>Header Files</Filter>
    </ClInclude>
    <ClInclude Include="xbschjunc.h">
      <Filter>Header Files</Filter>
    </ClInclude>
    <ClInclude Include="xbschlabel.h">
      <Filter>Header Files</Filter>
    </ClInclude>
    <ClInclude Include="xbschline.h">
      <Filter>Header Files</Filter>
    </ClInclude>
    <ClInclude Include="xbschobj.h">
      <Filter>Header Files</Filter>
    </ClInclude>
    <ClInclude Include="xbschsheetinfo.h">
      <Filter>Header Files</Filter>
    </ClInclude>
    <ClInclude Include="xbschtag.h">
      <Filter>Header Files</Filter>
    </ClInclude>
    <ClInclude Include="DispBlockNum.h">
      <Filter>Header Files</Filter>
    </ClInclude>
    <ClInclude Include="targetver.h">
      <Filter>Header Files</Filter>
    </ClInclude>
  </ItemGroup>
  <ItemGroup>
    <Image Include="res\bitmap1.bmp">
      <Filter>Resource Files</Filter>
    </Image>
    <Image Include="res\bitmap_sortmark.bmp">
      <Filter>Resource Files</Filter>
    </Image>
    <Image Include="res\BSch.ico">
      <Filter>Resource Files</Filter>
    </Image>
    <Image Include="res\BSchDoc.ico">
      <Filter>Resource Files</Filter>
    </Image>
    <Image Include="res\DecoLineStyle.bmp">
      <Filter>Resource Files</Filter>
    </Image>
    <Image Include="res\editmark.bmp">
      <Filter>Resource Files</Filter>
    </Image>
    <Image Include="res\icon1.ico">
      <Filter>Resource Files</Filter>
    </Image>
    <Image Include="res\imageptn.bmp">
      <Filter>Resource Files</Filter>
    </Image>
    <Image Include="res\imageSelect.bmp">
      <Filter>Resource Files</Filter>
    </Image>
    <Image Include="res\LineEndStyle.bmp">
      <Filter>Resource Files</Filter>
    </Image>
    <Image Include="res\OBJFILTER.bmp">
      <Filter>Resource Files</Filter>
    </Image>
    <Image Include="res\tag_l.ico">
      <Filter>Resource Files</Filter>
    </Image>
    <Image Include="res\tag_lr.ico">
      <Filter>Resource Files</Filter>
    </Image>
    <Image Include="res\tag_r.ico">
      <Filter>Resource Files</Filter>
    </Image>
    <Image Include="res\tag_sq.ico">
      <Filter>Resource Files</Filter>
    </Image>
    <Image Include="res\Toolbar.bmp">
      <Filter>Resource Files</Filter>
    </Image>
    <Image Include="res\viewmark.bmp">
      <Filter>Resource Files</Filter>
    </Image>
  </ItemGroup>
  <ItemGroup>
    <None Include="res\BSch.rc2">
      <Filter>Resource Files</Filter>
    </None>
    <None Include="res\cur00001.cur">
      <Filter>Resource Files</Filter>
    </None>
    <None Include="res\cur_drag.cur">
      <Filter>Resource Files</Filter>
    </None>
    <None Include="res\cur_move.cur">
      <Filter>Resource Files</Filter>
    </None>
    <None Include="res\cur_norm.cur">
      <Filter>Resource Files</Filter>
    </None>
    <None Include="res\cur_plac.cur">
      <Filter>Resource Files</Filter>
    </None>
    <None Include="res\curnml_d.cur">
      <Filter>Resource Files</Filter>
    </None>
    <None Include="RES\cursor1.cur">
      <Filter>Resource Files</Filter>
    </None>
    <None Include="Res\scrollha.cur">
      <Filter>Resource Files</Filter>
    </None>
  </ItemGroup>
  <ItemGroup>
    <Manifest Include="res\BSch3V.manifest" />
  </ItemGroup>
</Project>