Microsoft Visual Studio Solution File, Format Version 12.00
# Visual Studio Version 16
VisualStudioVersion = 16.0.29215.179
MinimumVisualStudioVersion = 10.0.40219.1
Project("{8BC9CEB8-8B4A-11D0-8D11-00A0C91BC942}") = "LCoV", "LCoV.vcxproj", "{CC30CACE-C721-4D2E-A80E-89D4A272F199}"
EndProject
Global
	GlobalSection(SolutionConfigurationPlatforms) = preSolution
		Debug|Win32 = Debug|Win32
		Release|Win32 = Release|Win32
	EndGlobalSection
	GlobalSection(ProjectConfigurationPlatforms) = postSolution
		{CC30CACE-C721-4D2E-A80E-89D4A272F199}.Debug|Win32.ActiveCfg = Debug|Win32
		{CC30CACE-C721-4D2E-A80E-89D4A272F199}.Debug|Win32.Build.0 = Debug|Win32
		{CC30CACE-C721-4D2E-A80E-89D4A272F199}.Release|Win32.ActiveCfg = Release|Win32
		{CC30CACE-C721-4D2E-A80E-89D4A272F199}.Release|Win32.Build.0 = Release|Win32
	EndGlobalSection
	GlobalSection(SolutionProperties) = preSolution
		HideSolutionNode = FALSE
	EndGlobalSection
	GlobalSection(ExtensibilityGlobals) = postSolution
		SolutionGuid = {91441228-F09B-4F3B-88DE-37332C4613DC}
	EndGlobalSection
EndGlobal
